<?xml version="1.0" encoding="utf-8"?>
<Project ToolsVersion="4.0" xmlns="http://schemas.microsoft.com/developer/msbuild/2003">
  <ItemGroup>
    <Filter Include="Source Files">
      <UniqueIdentifier>{4FC737F1-C7A5-4376-A066-2A32D752A2FF}</UniqueIdentifier>
      <Extensions>cpp;c;cc;cxx;def;odl;idl;hpj;bat;asm;asmx</Extensions>
    </Filter>
    <Filter Include="Header Files">
      <UniqueIdentifier>{93995380-89BD-4b04-88EB-625FBE52EBFB}</UniqueIdentifier>
      <Extensions>h;hh;hpp;hxx;hm;inl;inc;xsd</Extensions>
    </Filter>
    <Filter Include="Resource Files">
      <UniqueIdentifier>{67DA6AB6-F800-4c08-8B7A-83BB121AAD01}</UniqueIdentifier>
      <Extensions>rc;ico;cur;bmp;dlg;rc2;rct;bin;rgs;gif;jpg;jpeg;jpe;resx;tiff;tif;png;wav;mfcribbon-ms</Extensions>
    </Filter>
  </ItemGroup>
  <ItemGroup>
    <ClInclude Include="targetver.h">
      <Filter>Header Files</Filter>
    </ClInclude>
    <ClInclude Include="Resource.h">
      <Filter>Header Files</Filter>
    </ClInclude>
    <ClInclude Include="Util.h">
      <Filter>Header Files</Filter>
    </ClInclude>
    <ClInclude Include="attributes.h">
      <Filter>Header Files</Filter>
    </ClInclude>
    <ClInclude Include="background.h">
      <Filter>Header Files</Filter>
    </ClInclude>
    <ClInclude Include="borders.h">
      <Filter>Header Files</Filter>
    </ClInclude>
    <ClInclude Include="box.h">
      <Filter>Header Files</Filter>
    </ClInclude>
    <ClInclude Include="document.h">
      <Filter>Header Files</Filter>
    </ClInclude>
    <ClInclude Include="element.h">
      <Filter>Header Files</Filter>
    </ClInclude>
    <ClInclude Include="instream.h">
      <Filter>Header Files</Filter>
    </ClInclude>
    <ClInclude Include="iterators.h">
      <Filter>Header Files</Filter>
    </ClInclude>
    <ClInclude Include="media_query.h">
      <Filter>Header Files</Filter>
    </ClInclude>
    <ClInclude Include="style.h">
      <Filter>Header Files</Filter>
    </ClInclude>
    <ClInclude Include="stylesheet.h">
      <Filter>Header Files</Filter>
    </ClInclude>
    <ClInclude Include="table.h">
      <Filter>Header Files</Filter>
    </ClInclude>
    <ClInclude Include="types.h">
      <Filter>Header Files</Filter>
    </ClInclude>
    <ClInclude Include="web_color.h">
      <Filter>Header Files</Filter>
    </ClInclude>
    <ClInclude Include="web_history.h">
      <Filter>Header Files</Filter>
    </ClInclude>
    <ClInclude Include="xh_scanner.h">
      <Filter>Header Files</Filter>
    </ClInclude>
    <ClInclude Include="http.h">
      <Filter>Header Files</Filter>
    </ClInclude>
    <ClInclude Include="render_win32.h">
      <Filter>Header Files</Filter>
    </ClInclude>
    <ClInclude Include="Switch.h">
      <Filter>Header Files</Filter>
    </ClInclude>
    <ClInclude Include="toolbar.h">
      <Filter>Header Files</Filter>
    </ClInclude>
    <ClInclude Include="css.h">
      <Filter>Header Files</Filter>
    </ClInclude>
    <ClInclude Include="strings.h">
      <Filter>Header Files</Filter>
    </ClInclude>
    <ClInclude Include="ui.h">
      <Filter>Header Files</Filter>
    </ClInclude>
    <ClInclude Include="Geometry.h">
      <Filter>Header Files</Filter>
    </ClInclude>
    <ClInclude Include="Should.h">
      <Filter>Header Files</Filter>
    </ClInclude>
    <ClInclude Include="html_view.h">
      <Filter>Header Files</Filter>
    </ClInclude>
    <ClInclude Include="pch.h">
      <Filter>Header Files</Filter>
    </ClInclude>
  </ItemGroup>
  <ItemGroup>
    <ClCompile Include="box.cpp">
      <Filter>Source Files</Filter>
    </ClCompile>
    <ClCompile Include="document.cpp">
      <Filter>Source Files</Filter>
    </ClCompile>
    <ClCompile Include="element.cpp">
      <Filter>Source Files</Filter>
    </ClCompile>
    <ClCompile Include="media_query.cpp">
      <Filter>Source Files</Filter>
    </ClCompile>
    <ClCompile Include="style.cpp">
      <Filter>Source Files</Filter>
    </ClCompile>
    <ClCompile Include="stylesheet.cpp">
      <Filter>Source Files</Filter>
    </ClCompile>
    <ClCompile Include="table.cpp">
      <Filter>Source Files</Filter>
    </ClCompile>
    <ClCompile Include="web_color.cpp">
      <Filter>Source Files</Filter>
    </ClCompile>
    <ClCompile Include="web_history.cpp">
      <Filter>Source Files</Filter>
    </ClCompile>
    <ClCompile Include="xh_scanner.cpp">
      <Filter>Source Files</Filter>
    </ClCompile>
    <ClCompile Include="http.cpp">
      <Filter>Source Files</Filter>
    </ClCompile>
    <ClCompile Include="render_win32.cpp">
      <Filter>Source Files</Filter>
    </ClCompile>
    <ClCompile Include="parser.cpp">
      <Filter>Source Files</Filter>
    </ClCompile>
    <ClCompile Include="strings.cpp">
      <Filter>Source Files</Filter>
    </ClCompile>
    <ClCompile Include="Tests.cpp">
      <Filter>Source Files</Filter>
    </ClCompile>
    <ClCompile Include="html_view.cpp">
      <Filter>Source Files</Filter>
    </ClCompile>
    <ClCompile Include="main.cpp">
      <Filter>Source Files</Filter>
    </ClCompile>
    <ClCompile Include="pch.cpp">
      <Filter>Source Files</Filter>
    </ClCompile>
  </ItemGroup>
  <ItemGroup>
    <ResourceCompile Include="Potato.rc">
      <Filter>Resource Files</Filter>
    </ResourceCompile>
  </ItemGroup>
  <ItemGroup>
    <Image Include="res\potato.ico">
      <Filter>Resource Files</Filter>
    </Image>
    <Image Include="res\arrow_down.png">
      <Filter>Resource Files</Filter>
    </Image>
    <Image Include="res\arrow_left.png">
      <Filter>Resource Files</Filter>
    </Image>
    <Image Include="res\arrow_right.png">
      <Filter>Resource Files</Filter>
    </Image>
    <Image Include="res\arrow_up.png">
      <Filter>Resource Files</Filter>
    </Image>
    <Image Include="res\menu.png">
      <Filter>Resource Files</Filter>
    </Image>
    <Image Include="res\refres.png">
      <Filter>Resource Files</Filter>
    </Image>
    <Image Include="res\settings.png">
      <Filter>Resource Files</Filter>
    </Image>
    <Image Include="res\stop.png">
      <Filter>Resource Files</Filter>
    </Image>
    <Image Include="res\bitmap1.bmp">
      <Filter>Resource Files</Filter>
    </Image>
  </ItemGroup>
  <ItemGroup>
    <None Include="res\test.htm" />
    <None Include="res\master.css" />
  </ItemGroup>
</Project>